
Microsoft Visual Studio Solution File, Format Version 12.00
# Visual Studio Version 16
VisualStudioVersion = 16.0.33214.272
MinimumVisualStudioVersion = 10.0.40219.1
Project("{FAE04EC0-301F-11D3-BF4B-00C04F79EFBC}") = "Command", "Command.csproj", "{DF9C0B7D-FAB1-4154-B98F-6903BD1F4DC8}"
EndProject
Global
	GlobalSection(SolutionConfigurationPlatforms) = preSolution
		Debug|Any CPU = Debug|Any CPU
		Release|Any CPU = Release|Any CPU
	EndGlobalSection
	GlobalSection(ProjectConfigurationPlatforms) = postSolution
		{DF9C0B7D-FAB1-4154-B98F-6903BD1F4DC8}.Debug|Any CPU.ActiveCfg = Debug|Any CPU
		{DF9C0B7D-FAB1-4154-B98F-6903BD1F4DC8}.Debug|Any CPU.Build.0 = Debug|Any CPU
		{DF9C0B7D-FAB1-4154-B98F-6903BD1F4DC8}.Release|Any CPU.ActiveCfg = Release|Any CPU
		{DF9C0B7D-FAB1-4154-B98F-6903BD1F4DC8}.Release|Any CPU.Build.0 = Release|Any CPU
	EndGlobalSection
	GlobalSection(SolutionProperties) = preSolution
		HideSolutionNode = FALSE
	EndGlobalSection
	GlobalSection(ExtensibilityGlobals) = postSolution
		SolutionGuid = {BD9BB1A2-B6C1-4344-A887-E3D649733C92}
	EndGlobalSection
EndGlobal
