
Microsoft Visual Studio Solution File, Format Version 12.00
# Visual Studio Version 16
VisualStudioVersion = 16.0.33214.272
MinimumVisualStudioVersion = 10.0.40219.1
Project("{FAE04EC0-301F-11D3-BF4B-00C04F79EFBC}") = "Factory", "Factory.csproj", "{C9C3B1D0-2C65-412F-921E-5D4086E8A044}"
EndProject
Global
	GlobalSection(SolutionConfigurationPlatforms) = preSolution
		Debug|Any CPU = Debug|Any CPU
		Release|Any CPU = Release|Any CPU
	EndGlobalSection
	GlobalSection(ProjectConfigurationPlatforms) = postSolution
		{C9C3B1D0-2C65-412F-921E-5D4086E8A044}.Debug|Any CPU.ActiveCfg = Debug|Any CPU
		{C9C3B1D0-2C65-412F-921E-5D4086E8A044}.Debug|Any CPU.Build.0 = Debug|Any CPU
		{C9C3B1D0-2C65-412F-921E-5D4086E8A044}.Release|Any CPU.ActiveCfg = Release|Any CPU
		{C9C3B1D0-2C65-412F-921E-5D4086E8A044}.Release|Any CPU.Build.0 = Release|Any CPU
	EndGlobalSection
	GlobalSection(SolutionProperties) = preSolution
		HideSolutionNode = FALSE
	EndGlobalSection
	GlobalSection(ExtensibilityGlobals) = postSolution
		SolutionGuid = {D2E076B5-3A64-478D-A8B5-4ED793CDA3DB}
	EndGlobalSection
EndGlobal
