
Microsoft Visual Studio Solution File, Format Version 12.00
# Visual Studio Version 16
VisualStudioVersion = 16.0.33214.272
MinimumVisualStudioVersion = 10.0.40219.1
Project("{FAE04EC0-301F-11D3-BF4B-00C04F79EFBC}") = "State", "State.csproj", "{560C2CB6-A15E-4AD9-B440-E92D0FC4C2A6}"
EndProject
Global
	GlobalSection(SolutionConfigurationPlatforms) = preSolution
		Debug|Any CPU = Debug|Any CPU
		Release|Any CPU = Release|Any CPU
	EndGlobalSection
	GlobalSection(ProjectConfigurationPlatforms) = postSolution
		{560C2CB6-A15E-4AD9-B440-E92D0FC4C2A6}.Debug|Any CPU.ActiveCfg = Debug|Any CPU
		{560C2CB6-A15E-4AD9-B440-E92D0FC4C2A6}.Debug|Any CPU.Build.0 = Debug|Any CPU
		{560C2CB6-A15E-4AD9-B440-E92D0FC4C2A6}.Release|Any CPU.ActiveCfg = Release|Any CPU
		{560C2CB6-A15E-4AD9-B440-E92D0FC4C2A6}.Release|Any CPU.Build.0 = Release|Any CPU
	EndGlobalSection
	GlobalSection(SolutionProperties) = preSolution
		HideSolutionNode = FALSE
	EndGlobalSection
	GlobalSection(ExtensibilityGlobals) = postSolution
		SolutionGuid = {E31DCC25-3BF2-41D5-A35A-B32B6C60F4F4}
	EndGlobalSection
EndGlobal
