
Microsoft Visual Studio Solution File, Format Version 12.00
# Visual Studio Version 16
VisualStudioVersion = 16.0.33214.272
MinimumVisualStudioVersion = 10.0.40219.1
Project("{FAE04EC0-301F-11D3-BF4B-00C04F79EFBC}") = "Observer2", "Observer2.csproj", "{2F7AE13E-211E-496D-9C5D-BDBC016FAA21}"
EndProject
Global
	GlobalSection(SolutionConfigurationPlatforms) = preSolution
		Debug|Any CPU = Debug|Any CPU
		Release|Any CPU = Release|Any CPU
	EndGlobalSection
	GlobalSection(ProjectConfigurationPlatforms) = postSolution
		{2F7AE13E-211E-496D-9C5D-BDBC016FAA21}.Debug|Any CPU.ActiveCfg = Debug|Any CPU
		{2F7AE13E-211E-496D-9C5D-BDBC016FAA21}.Debug|Any CPU.Build.0 = Debug|Any CPU
		{2F7AE13E-211E-496D-9C5D-BDBC016FAA21}.Release|Any CPU.ActiveCfg = Release|Any CPU
		{2F7AE13E-211E-496D-9C5D-BDBC016FAA21}.Release|Any CPU.Build.0 = Release|Any CPU
	EndGlobalSection
	GlobalSection(SolutionProperties) = preSolution
		HideSolutionNode = FALSE
	EndGlobalSection
	GlobalSection(ExtensibilityGlobals) = postSolution
		SolutionGuid = {4D0CC4B7-ACBB-4887-AC04-C3BE328FD4C2}
	EndGlobalSection
EndGlobal
