
Microsoft Visual Studio Solution File, Format Version 12.00
# Visual Studio Version 16
VisualStudioVersion = 16.0.33214.272
MinimumVisualStudioVersion = 10.0.40219.1
Project("{FAE04EC0-301F-11D3-BF4B-00C04F79EFBC}") = "Memento", "Memento.csproj", "{D63DEC51-A221-4245-9C6E-150E896FEAF3}"
EndProject
Global
	GlobalSection(SolutionConfigurationPlatforms) = preSolution
		Debug|Any CPU = Debug|Any CPU
		Release|Any CPU = Release|Any CPU
	EndGlobalSection
	GlobalSection(ProjectConfigurationPlatforms) = postSolution
		{D63DEC51-A221-4245-9C6E-150E896FEAF3}.Debug|Any CPU.ActiveCfg = Debug|Any CPU
		{D63DEC51-A221-4245-9C6E-150E896FEAF3}.Debug|Any CPU.Build.0 = Debug|Any CPU
		{D63DEC51-A221-4245-9C6E-150E896FEAF3}.Release|Any CPU.ActiveCfg = Release|Any CPU
		{D63DEC51-A221-4245-9C6E-150E896FEAF3}.Release|Any CPU.Build.0 = Release|Any CPU
	EndGlobalSection
	GlobalSection(SolutionProperties) = preSolution
		HideSolutionNode = FALSE
	EndGlobalSection
	GlobalSection(ExtensibilityGlobals) = postSolution
		SolutionGuid = {87F15791-D726-4B02-A578-063F5ECF0509}
	EndGlobalSection
EndGlobal
